PODS:
  - artemis_zebra (0.0.1):
    - Flutter
  - Flutter (1.0.0)

DEPENDENCIES:
  - artemis_zebra (from `.symlinks/plugins/artemis_zebra/ios`)
  - Flutter (from `Flutter`)

EXTERNAL SOURCES:
  artemis_zebra:
    :path: ".symlinks/plugins/artemis_zebra/ios"
  Flutter:
    :path: Flutter

SPEC CHECKSUMS:
  artemis_zebra: e3ed8f423b2fb10fba9b63ae7ca0b7d3d183bdf8
  Flutter: 50d75fe2f02b26cc09d224853bb45737f8b3214a

PODFILE CHECKSUM: aafe91acc616949ddb318b77800a7f51bffa2a4c

COCOAPODS: 1.11.3
